
Microsoft Visual Studio Solution File, Format Version 12.00
# Visual Studio Version 17
VisualStudioVersion = 17.14.37012.4 d17.14
MinimumVisualStudioVersion = 10.0.40219.1
Project("{FAE04EC0-301F-11D3-BF4B-00C04F79EFBC}") = "LocationHeatMapApp", "LocationHeatMapApp\LocationHeatMapApp.csproj", "{9C273186-201C-4BEB-B3D3-3DEC8FC732AD}"
EndProject
Global
	GlobalSection(SolutionConfigurationPlatforms) = preSolution
		Debug|Any CPU = Debug|Any CPU
		Release|Any CPU = Release|Any CPU
	EndGlobalSection
	GlobalSection(ProjectConfigurationPlatforms) = postSolution
		{9C273186-201C-4BEB-B3D3-3DEC8FC732AD}.Debug|Any CPU.ActiveCfg = Debug|Any CPU
		{9C273186-201C-4BEB-B3D3-3DEC8FC732AD}.Debug|Any CPU.Build.0 = Debug|Any CPU
		{9C273186-201C-4BEB-B3D3-3DEC8FC732AD}.Debug|Any CPU.Deploy.0 = Debug|Any CPU
		{9C273186-201C-4BEB-B3D3-3DEC8FC732AD}.Release|Any CPU.ActiveCfg = Release|Any CPU
		{9C273186-201C-4BEB-B3D3-3DEC8FC732AD}.Release|Any CPU.Build.0 = Release|Any CPU
		{9C273186-201C-4BEB-B3D3-3DEC8FC732AD}.Release|Any CPU.Deploy.0 = Release|Any CPU
	EndGlobalSection
	GlobalSection(SolutionProperties) = preSolution
		HideSolutionNode = FALSE
	EndGlobalSection
	GlobalSection(ExtensibilityGlobals) = postSolution
		SolutionGuid = {CDCFA773-A96D-40C4-8A81-D1662E4C7DB6}
	EndGlobalSection
EndGlobal
